
Microsoft Visual Studio Solution File, Format Version 12.00
# Visual Studio 15
VisualStudioVersion = 15.0.28010.2046
MinimumVisualStudioVersion = 10.0.40219.1
Project("{9A19103F-16F7-4668-BE54-9A1E7A4F7556}") = "PizzaWeb", "PizzaWeb\PizzaWeb.csproj", "{112EB439-4DDF-47A2-B97D-74A5DD26076D}"
EndProject
Project("{9A19103F-16F7-4668-BE54-9A1E7A4F7556}") = "PizzaAPI", "PizzaAPI\PizzaAPI\PizzaAPI.csproj", "{B8704B0C-F2E1-4E23-B28B-B7D06655CC44}"
EndProject
Global
	GlobalSection(SolutionConfigurationPlatforms) = preSolution
		Debug|Any CPU = Debug|Any CPU
		Release|Any CPU = Release|Any CPU
	EndGlobalSection
	GlobalSection(ProjectConfigurationPlatforms) = postSolution
		{112EB439-4DDF-47A2-B97D-74A5DD26076D}.Debug|Any CPU.ActiveCfg = Debug|Any CPU
		{112EB439-4DDF-47A2-B97D-74A5DD26076D}.Debug|Any CPU.Build.0 = Debug|Any CPU
		{112EB439-4DDF-47A2-B97D-74A5DD26076D}.Release|Any CPU.ActiveCfg = Release|Any CPU
		{112EB439-4DDF-47A2-B97D-74A5DD26076D}.Release|Any CPU.Build.0 = Release|Any CPU
		{B8704B0C-F2E1-4E23-B28B-B7D06655CC44}.Debug|Any CPU.ActiveCfg = Debug|Any CPU
		{B8704B0C-F2E1-4E23-B28B-B7D06655CC44}.Debug|Any CPU.Build.0 = Debug|Any CPU
		{B8704B0C-F2E1-4E23-B28B-B7D06655CC44}.Release|Any CPU.ActiveCfg = Release|Any CPU
		{B8704B0C-F2E1-4E23-B28B-B7D06655CC44}.Release|Any CPU.Build.0 = Release|Any CPU
	EndGlobalSection
	GlobalSection(SolutionProperties) = preSolution
		HideSolutionNode = FALSE
	EndGlobalSection
	GlobalSection(ExtensibilityGlobals) = postSolution
		SolutionGuid = {6AD10E16-8754-4DB3-BC23-7FD50D62D81A}
	EndGlobalSection
EndGlobal
