
Microsoft Visual Studio Solution File, Format Version 12.00
# Visual Studio 15
VisualStudioVersion = 15.0.28307.705
MinimumVisualStudioVersion = 10.0.40219.1
Project("{9A19103F-16F7-4668-BE54-9A1E7A4F7556}") = "PizzaAPI", "PizzaAPI\PizzaAPI.csproj", "{B8B967C0-CFCF-45E7-86E2-8D062FFC77BF}"
EndProject
Project("{9A19103F-16F7-4668-BE54-9A1E7A4F7556}") = "PizzaClients", "..\PizzaClients\PizzaClients.csproj", "{80AA3FB2-F86A-4B4C-AA56-9A96A5707EB2}"
EndProject
Global
	GlobalSection(SolutionConfigurationPlatforms) = preSolution
		Debug|Any CPU = Debug|Any CPU
		Release|Any CPU = Release|Any CPU
	EndGlobalSection
	GlobalSection(ProjectConfigurationPlatforms) = postSolution
		{B8B967C0-CFCF-45E7-86E2-8D062FFC77BF}.Debug|Any CPU.ActiveCfg = Debug|Any CPU
		{B8B967C0-CFCF-45E7-86E2-8D062FFC77BF}.Debug|Any CPU.Build.0 = Debug|Any CPU
		{B8B967C0-CFCF-45E7-86E2-8D062FFC77BF}.Release|Any CPU.ActiveCfg = Release|Any CPU
		{B8B967C0-CFCF-45E7-86E2-8D062FFC77BF}.Release|Any CPU.Build.0 = Release|Any CPU
		{80AA3FB2-F86A-4B4C-AA56-9A96A5707EB2}.Debug|Any CPU.ActiveCfg = Debug|Any CPU
		{80AA3FB2-F86A-4B4C-AA56-9A96A5707EB2}.Debug|Any CPU.Build.0 = Debug|Any CPU
		{80AA3FB2-F86A-4B4C-AA56-9A96A5707EB2}.Release|Any CPU.ActiveCfg = Release|Any CPU
		{80AA3FB2-F86A-4B4C-AA56-9A96A5707EB2}.Release|Any CPU.Build.0 = Release|Any CPU
	EndGlobalSection
	GlobalSection(SolutionProperties) = preSolution
		HideSolutionNode = FALSE
	EndGlobalSection
	GlobalSection(ExtensibilityGlobals) = postSolution
		SolutionGuid = {40DF7CDD-07C2-4C68-AF64-90F1916DA988}
	EndGlobalSection
EndGlobal
